
Microsoft Visual Studio Solution File, Format Version 12.00
# Visual Studio Version 16
VisualStudioVersion = 16.0.31613.86
MinimumVisualStudioVersion = 10.0.40219.1
Project("{FAE04EC0-301F-11D3-BF4B-00C04F79EFBC}") = "RulesApi", "RulesApi.csproj", "{881DD96D-BC90-4BBC-9CB3-A43A6185D4EE}"
EndProject
Global
	GlobalSection(SolutionConfigurationPlatforms) = preSolution
		Debug|Any CPU = Debug|Any CPU
		Release|Any CPU = Release|Any CPU
	EndGlobalSection
	GlobalSection(ProjectConfigurationPlatforms) = postSolution
		{881DD96D-BC90-4BBC-9CB3-A43A6185D4EE}.Debug|Any CPU.ActiveCfg = Debug|Any CPU
		{881DD96D-BC90-4BBC-9CB3-A43A6185D4EE}.Debug|Any CPU.Build.0 = Debug|Any CPU
		{881DD96D-BC90-4BBC-9CB3-A43A6185D4EE}.Release|Any CPU.ActiveCfg = Release|Any CPU
		{881DD96D-BC90-4BBC-9CB3-A43A6185D4EE}.Release|Any CPU.Build.0 = Release|Any CPU
	EndGlobalSection
	GlobalSection(SolutionProperties) = preSolution
		HideSolutionNode = FALSE
	EndGlobalSection
	GlobalSection(ExtensibilityGlobals) = postSolution
		SolutionGuid = {C9A93049-ADB3-4613-8140-62B53BE44EB6}
	EndGlobalSection
EndGlobal
